// !$*UTF8*$!
{
	archiveVersion = 1;
	classes = {
	};
	objectVersion = 46;
	objects = {

/* Begin PBXBuildFile section */
		83E262BB6E405E854A997348 /* libPods.a in Frameworks */ = {isa = PBXBuildFile; fileRef = E4BE0B29EC4A790682B10E1A /* libPods.a */; };
		840D9D7F1C8EC73900D92922 /* runningman.gif in Resources */ = {isa = PBXBuildFile; fileRef = 840D9D7E1C8EC73900D92922 /* runningman.gif */; };
		840EA8A41C717FE7009476B6 /* FightViewController.m in Sources */ = {isa = PBXBuildFile; fileRef = 840EA8A21C717FE7009476B6 /* FightViewController.m */; };
		840EA8A51C717FE7009476B6 /* FightViewController.xib in Resources */ = {isa = PBXBuildFile; fileRef = 840EA8A31C717FE7009476B6 /* FightViewController.xib */; };
		840EA8A91C719674009476B6 /* GameViewController.m in Sources */ = {isa = PBXBuildFile; fileRef = 840EA8A71C719674009476B6 /* GameViewController.m */; };
		840EA8AA1C719674009476B6 /* GameViewController.xib in Resources */ = {isa = PBXBuildFile; fileRef = 840EA8A81C719674009476B6 /* GameViewController.xib */; };
		840EA8AD1C71975E009476B6 /* Character.m in Sources */ = {isa = PBXBuildFile; fileRef = 840EA8AC1C71975E009476B6 /* Character.m */; };
		840EA8B71C72B5AC009476B6 /* ShopViewController.m in Sources */ = {isa = PBXBuildFile; fileRef = 840EA8B51C72B5AC009476B6 /* ShopViewController.m */; };
		840EA8BC1C72B5BA009476B6 /* RankViewController.m in Sources */ = {isa = PBXBuildFile; fileRef = 840EA8BA1C72B5BA009476B6 /* RankViewController.m */; };
		840EA8BD1C72B5BA009476B6 /* RankViewController.xib in Resources */ = {isa = PBXBuildFile; fileRef = 840EA8BB1C72B5BA009476B6 /* RankViewController.xib */; };
		840EA8C91C72C7B8009476B6 /* RankTableViewController.m in Sources */ = {isa = PBXBuildFile; fileRef = 840EA8C71C72C7B8009476B6 /* RankTableViewController.m */; };
		840EA8CA1C72C7B8009476B6 /* RankTableViewController.xib in Resources */ = {isa = PBXBuildFile; fileRef = 840EA8C81C72C7B8009476B6 /* RankTableViewController.xib */; };
		8421FAE91CB38CEB00B8CCF5 /* SoundManager.m in Sources */ = {isa = PBXBuildFile; fileRef = 8421FAE81CB38CEB00B8CCF5 /* SoundManager.m */; };
		842CD2231BB66481000E2703 /* main.m in Sources */ = {isa = PBXBuildFile; fileRef = 842CD2221BB66481000E2703 /* main.m */; };
		842CD2261BB66481000E2703 /* AppDelegate.m in Sources */ = {isa = PBXBuildFile; fileRef = 842CD2251BB66481000E2703 /* AppDelegate.m */; };
		842CD2291BB66481000E2703 /* DataTableViewController.m in Sources */ = {isa = PBXBuildFile; fileRef = 842CD2281BB66481000E2703 /* DataTableViewController.m */; };
		842CD22C1BB66481000E2703 /* Main.storyboard in Resources */ = {isa = PBXBuildFile; fileRef = 842CD22A1BB66481000E2703 /* Main.storyboard */; };
		842CD22E1BB66481000E2703 /* Assets.xcassets in Resources */ = {isa = PBXBuildFile; fileRef = 842CD22D1BB66481000E2703 /* Assets.xcassets */; };
		842CD2311BB66481000E2703 /* LaunchScreen.storyboard in Resources */ = {isa = PBXBuildFile; fileRef = 842CD22F1BB66481000E2703 /* LaunchScreen.storyboard */; };
		842CD23C1BB66481000E2703 /* TestTests.m in Sources */ = {isa = PBXBuildFile; fileRef = 842CD23B1BB66481000E2703 /* TestTests.m */; };
		842CD2471BB66481000E2703 /* TestUITests.m in Sources */ = {isa = PBXBuildFile; fileRef = 842CD2461BB66481000E2703 /* TestUITests.m */; };
		842CD24C1BB66481000E2703 /* Test WatchKit App.app in Embed Watch Content */ = {isa = PBXBuildFile; fileRef = 842CD24B1BB66481000E2703 /* Test WatchKit App.app */; };
		842CD2521BB66481000E2703 /* Interface.storyboard in Resources */ = {isa = PBXBuildFile; fileRef = 842CD2501BB66481000E2703 /* Interface.storyboard */; };
		842CD2541BB66481000E2703 /* Assets.xcassets in Resources */ = {isa = PBXBuildFile; fileRef = 842CD2531BB66481000E2703 /* Assets.xcassets */; };
		842CD25B1BB66482000E2703 /* Test WatchKit Extension.appex in Embed App Extensions */ = {isa = PBXBuildFile; fileRef = 842CD25A1BB66482000E2703 /* Test WatchKit Extension.appex */; settings = {ATTRIBUTES = (RemoveHeadersOnCopy, ); }; };
		842CD2631BB66482000E2703 /* InterfaceController.m in Sources */ = {isa = PBXBuildFile; fileRef = 842CD2621BB66482000E2703 /* InterfaceController.m */; };
		842CD2661BB66482000E2703 /* ExtensionDelegate.m in Sources */ = {isa = PBXBuildFile; fileRef = 842CD2651BB66482000E2703 /* ExtensionDelegate.m */; };
		842CD2691BB66482000E2703 /* NotificationController.m in Sources */ = {isa = PBXBuildFile; fileRef = 842CD2681BB66482000E2703 /* NotificationController.m */; };
		842CD26B1BB66482000E2703 /* Assets.xcassets in Resources */ = {isa = PBXBuildFile; fileRef = 842CD26A1BB66482000E2703 /* Assets.xcassets */; };
		84335FA71CAD14D500567346 /* ShopTableViewCell.m in Sources */ = {isa = PBXBuildFile; fileRef = 84335FA51CAD14D500567346 /* ShopTableViewCell.m */; };
		84335FA81CAD14D500567346 /* ShopTableViewCell.xib in Resources */ = {isa = PBXBuildFile; fileRef = 84335FA61CAD14D500567346 /* ShopTableViewCell.xib */; };
		8452BD911CA68936000AE39C /* MainInfoViewController.m in Sources */ = {isa = PBXBuildFile; fileRef = 8452BD8F1CA68936000AE39C /* MainInfoViewController.m */; };
		8452BD921CA68936000AE39C /* MainInfoViewController.xib in Resources */ = {isa = PBXBuildFile; fileRef = 8452BD901CA68936000AE39C /* MainInfoViewController.xib */; };
		8461757D1C75CB0E009FDCE3 /* CharacterMO+CoreDataProperties.m in Sources */ = {isa = PBXBuildFile; fileRef = 8461757A1C75CB0E009FDCE3 /* CharacterMO+CoreDataProperties.m */; };
		8461757E1C75CB0E009FDCE3 /* CharacterMO.m in Sources */ = {isa = PBXBuildFile; fileRef = 8461757C1C75CB0E009FDCE3 /* CharacterMO.m */; };
		8462EF9C1C48942D005A984E /* DataTableViewCell.m in Sources */ = {isa = PBXBuildFile; fileRef = 8462EF9A1C48942D005A984E /* DataTableViewCell.m */; };
		8462EF9D1C48942D005A984E /* DataTableViewCell.xib in Resources */ = {isa = PBXBuildFile; fileRef = 8462EF9B1C48942D005A984E /* DataTableViewCell.xib */; };
		846D3AF01C0D8635006BB020 /* InfoViewController.m in Sources */ = {isa = PBXBuildFile; fileRef = 846D3AEE1C0D8635006BB020 /* InfoViewController.m */; };
		846D3AF11C0D8635006BB020 /* InfoViewController.xib in Resources */ = {isa = PBXBuildFile; fileRef = 846D3AEF1C0D8635006BB020 /* InfoViewController.xib */; };
		846D3AF31C0DAD4B006BB020 /* Defaults.plist in Resources */ = {isa = PBXBuildFile; fileRef = 846D3AF21C0DAD4B006BB020 /* Defaults.plist */; };
		846D3AF81C0DC8CE006BB020 /* TrainingTime+CoreDataProperties.m in Sources */ = {isa = PBXBuildFile; fileRef = 846D3AF51C0DC8CE006BB020 /* TrainingTime+CoreDataProperties.m */; };
		846D3AF91C0DC8CE006BB020 /* TrainingTime.m in Sources */ = {isa = PBXBuildFile; fileRef = 846D3AF71C0DC8CE006BB020 /* TrainingTime.m */; };
		846D3AFC1C0DD1D8006BB020 /* Util.m in Sources */ = {isa = PBXBuildFile; fileRef = 846D3AFB1C0DD1D8006BB020 /* Util.m */; };
		8493B3821BEC53EE00F93E0E /* SensorData+CoreDataProperties.m in Sources */ = {isa = PBXBuildFile; fileRef = 8493B37F1BEC53EE00F93E0E /* SensorData+CoreDataProperties.m */; };
		8493B3831BEC53EE00F93E0E /* SensorData.m in Sources */ = {isa = PBXBuildFile; fileRef = 8493B3811BEC53EE00F93E0E /* SensorData.m */; };
		8493B3851BEC58EE00F93E0E /* SensorData+CoreDataProperties.m in Sources */ = {isa = PBXBuildFile; fileRef = 8493B37F1BEC53EE00F93E0E /* SensorData+CoreDataProperties.m */; };
		8493B3881BEC5A7200F93E0E /* Data.m in Sources */ = {isa = PBXBuildFile; fileRef = 8493B3871BEC5A7200F93E0E /* Data.m */; };
		8493B3891BEC5A7200F93E0E /* Data.m in Sources */ = {isa = PBXBuildFile; fileRef = 8493B3871BEC5A7200F93E0E /* Data.m */; };
		8493B38A1BEC68AC00F93E0E /* SensorData.m in Sources */ = {isa = PBXBuildFile; fileRef = 8493B3811BEC53EE00F93E0E /* SensorData.m */; };
		8493B38D1BECBB0D00F93E0E /* CYLTabBarControllerConfig.m in Sources */ = {isa = PBXBuildFile; fileRef = 8493B38C1BECBB0D00F93E0E /* CYLTabBarControllerConfig.m */; };
		8493B3911BECCC7700F93E0E /* HomeViewController.m in Sources */ = {isa = PBXBuildFile; fileRef = 8493B38F1BECCC7700F93E0E /* HomeViewController.m */; };
		8493B3921BECCC7700F93E0E /* HomeViewController.xib in Resources */ = {isa = PBXBuildFile; fileRef = 8493B3901BECCC7700F93E0E /* HomeViewController.xib */; };
		8493B3951BECD2B400F93E0E /* Constants.m in Sources */ = {isa = PBXBuildFile; fileRef = 8493B3941BECD2B400F93E0E /* Constants.m */; };
		8493B3961BECD2B400F93E0E /* Constants.m in Sources */ = {isa = PBXBuildFile; fileRef = 8493B3941BECD2B400F93E0E /* Constants.m */; };
		8493B39C1BEDF1C800F93E0E /* UIImage+animatedGIF.m in Sources */ = {isa = PBXBuildFile; fileRef = 8493B39B1BEDF1C800F93E0E /* UIImage+animatedGIF.m */; };
		8493B3A11BEDF75400F93E0E /* gif0.gif in Resources */ = {isa = PBXBuildFile; fileRef = 8493B3A01BEDF75400F93E0E /* gif0.gif */; };
		8493B3A91BEDF85400F93E0E /* gif1.gif in Resources */ = {isa = PBXBuildFile; fileRef = 8493B3A21BEDF85300F93E0E /* gif1.gif */; };
		8493B3AA1BEDF85400F93E0E /* gif2.gif in Resources */ = {isa = PBXBuildFile; fileRef = 8493B3A31BEDF85300F93E0E /* gif2.gif */; };
		8493B3AB1BEDF85400F93E0E /* gif3.gif in Resources */ = {isa = PBXBuildFile; fileRef = 8493B3A41BEDF85300F93E0E /* gif3.gif */; };
		8493B3AC1BEDF85400F93E0E /* gif4.gif in Resources */ = {isa = PBXBuildFile; fileRef = 8493B3A51BEDF85300F93E0E /* gif4.gif */; };
		8493B3AD1BEDF85400F93E0E /* gif5.gif in Resources */ = {isa = PBXBuildFile; fileRef = 8493B3A61BEDF85300F93E0E /* gif5.gif */; };
		8493B3AE1BEDF85400F93E0E /* gif6.gif in Resources */ = {isa = PBXBuildFile; fileRef = 8493B3A71BEDF85300F93E0E /* gif6.gif */; };
		8493B3AF1BEDF85400F93E0E /* gif7.gif in Resources */ = {isa = PBXBuildFile; fileRef = 8493B3A81BEDF85400F93E0E /* gif7.gif */; };
		84B8FD4E1BE8880B00CCE8DC /* WatchSessionManager.m in Sources */ = {isa = PBXBuildFile; fileRef = 84B8FD4D1BE8880B00CCE8DC /* WatchSessionManager.m */; };
		84B8FD511BE8E27300CCE8DC /* Model.xcdatamodeld in Sources */ = {isa = PBXBuildFile; fileRef = 84B8FD4F1BE8E27300CCE8DC /* Model.xcdatamodeld */; };
		84D0054C1BB9313D005992E5 /* HealthKit.framework in Frameworks */ = {isa = PBXBuildFile; fileRef = 84D0054B1BB9313D005992E5 /* HealthKit.framework */; };
		84F8B68D1BBC0C830054C199 /* HealthKit.framework in Frameworks */ = {isa = PBXBuildFile; fileRef = 84F8B68C1BBC0C830054C199 /* HealthKit.framework */; };
/* End PBXBuildFile section */

/* Begin PBXContainerItemProxy section */
		842CD2381BB66481000E2703 /* PBXContainerItemProxy */ = {
			isa = PBXContainerItemProxy;
			containerPortal = 842CD2161BB66481000E2703 /* Project object */;
			proxyType = 1;
			remoteGlobalIDString = 842CD21D1BB66481000E2703;
			remoteInfo = Test;
		};
		842CD2431BB66481000E2703 /* PBXContainerItemProxy */ = {
			isa = PBXContainerItemProxy;
			containerPortal = 842CD2161BB66481000E2703 /* Project object */;
			proxyType = 1;
			remoteGlobalIDString = 842CD21D1BB66481000E2703;
			remoteInfo = Test;
		};
		842CD24D1BB66481000E2703 /* PBXContainerItemProxy */ = {
			isa = PBXContainerItemProxy;
			containerPortal = 842CD2161BB66481000E2703 /* Project object */;
			proxyType = 1;
			remoteGlobalIDString = 842CD24A1BB66481000E2703;
			remoteInfo = "Test WatchKit App";
		};
		842CD25C1BB66482000E2703 /* PBXContainerItemProxy */ = {
			isa = PBXContainerItemProxy;
			containerPortal = 842CD2161BB66481000E2703 /* Project object */;
			proxyType = 1;
			remoteGlobalIDString = 842CD2591BB66482000E2703;
			remoteInfo = "Test WatchKit Extension";
		};
/* End PBXContainerItemProxy section */

/* Begin PBXCopyFilesBuildPhase section */
		842CD2721BB66482000E2703 /* Embed App Extensions */ = {
			isa = PBXCopyFilesBuildPhase;
			buildActionMask = 2147483647;
			dstPath = "";
			dstSubfolderSpec = 13;
			files = (
				842CD25B1BB66482000E2703 /* Test WatchKit Extension.appex in Embed App Extensions */,
			);
			name = "Embed App Extensions";
			runOnlyForDeploymentPostprocessing = 0;
		};
		842CD2761BB66482000E2703 /* Embed Watch Content */ = {
			isa = PBXCopyFilesBuildPhase;
			buildActionMask = 2147483647;
			dstPath = "$(CONTENTS_FOLDER_PATH)/Watch";
			dstSubfolderSpec = 16;
			files = (
				842CD24C1BB66481000E2703 /* Test WatchKit App.app in Embed Watch Content */,
			);
			name = "Embed Watch Content";
			runOnlyForDeploymentPostprocessing = 0;
		};
		C47DF49C1CCA1E70006017CF /* Embed Frameworks */ = {
			isa = PBXCopyFilesBuildPhase;
			buildActionMask = 2147483647;
			dstPath = "";
			dstSubfolderSpec = 10;
			files = (
			);
			name = "Embed Frameworks";
			runOnlyForDeploymentPostprocessing = 0;
		};
/* End PBXCopyFilesBuildPhase section */

/* Begin PBXFileReference section */
		09BA1639C411435668F004CC /* Pods.debug.xcconfig */ = {isa = PBXFileReference; includeInIndex = 1; lastKnownFileType = text.xcconfig; name = Pods.debug.xcconfig; path = "Pods/Target Support Files/Pods/Pods.debug.xcconfig"; sourceTree = "<group>"; };
		0F6C3FE867D88A99F68942EC /* Pods.release.xcconfig */ = {isa = PBXFileReference; includeInIndex = 1; lastKnownFileType = text.xcconfig; name = Pods.release.xcconfig; path = "Pods/Target Support Files/Pods/Pods.release.xcconfig"; sourceTree = "<group>"; };
		840D9D7E1C8EC73900D92922 /* runningman.gif */ = {isa = PBXFileReference; lastKnownFileType = image.gif; path = runningman.gif; sourceTree = "<group>"; };
		840EA8A11C717FE7009476B6 /* FightViewController.h */ = {isa = PBXFileReference; fileEncoding = 4; lastKnownFileType = sourcecode.c.h; path = FightViewController.h; sourceTree = "<group>"; };
		840EA8A21C717FE7009476B6 /* FightViewController.m */ = {isa = PBXFileReference; fileEncoding = 4; lastKnownFileType = sourcecode.c.objc; path = FightViewController.m; sourceTree = "<group>"; };
		840EA8A31C717FE7009476B6 /* FightViewController.xib */ = {isa = PBXFileReference; fileEncoding = 4; lastKnownFileType = file.xib; path = FightViewController.xib; sourceTree = "<group>"; };
		840EA8A61C719674009476B6 /* GameViewController.h */ = {isa = PBXFileReference; fileEncoding = 4; lastKnownFileType = sourcecode.c.h; path = GameViewController.h; sourceTree = "<group>"; };
		840EA8A71C719674009476B6 /* GameViewController.m */ = {isa = PBXFileReference; fileEncoding = 4; lastKnownFileType = sourcecode.c.objc; path = GameViewController.m; sourceTree = "<group>"; };
		840EA8A81C719674009476B6 /* GameViewController.xib */ = {isa = PBXFileReference; fileEncoding = 4; lastKnownFileType = file.xib; path = GameViewController.xib; sourceTree = "<group>"; };
		840EA8AB1C71975E009476B6 /* Character.h */ = {isa = PBXFileReference; fileEncoding = 4; lastKnownFileType = sourcecode.c.h; path = Character.h; sourceTree = "<group>"; };
		840EA8AC1C71975E009476B6 /* Character.m */ = {isa = PBXFileReference; fileEncoding = 4; lastKnownFileType = sourcecode.c.objc; path = Character.m; sourceTree = "<group>"; };
		840EA8B41C72B5AC009476B6 /* ShopViewController.h */ = {isa = PBXFileReference; fileEncoding = 4; lastKnownFileType = sourcecode.c.h; path = ShopViewController.h; sourceTree = "<group>"; };
		840EA8B51C72B5AC009476B6 /* ShopViewController.m */ = {isa = PBXFileReference; fileEncoding = 4; lastKnownFileType = sourcecode.c.objc; path = ShopViewController.m; sourceTree = "<group>"; };
		840EA8B91C72B5BA009476B6 /* RankViewController.h */ = {isa = PBXFileReference; fileEncoding = 4; lastKnownFileType = sourcecode.c.h; path = RankViewController.h; sourceTree = "<group>"; };
		840EA8BA1C72B5BA009476B6 /* RankViewController.m */ = {isa = PBXFileReference; fileEncoding = 4; lastKnownFileType = sourcecode.c.objc; path = RankViewController.m; sourceTree = "<group>"; };
		840EA8BB1C72B5BA009476B6 /* RankViewController.xib */ = {isa = PBXFileReference; fileEncoding = 4; lastKnownFileType = file.xib; path = RankViewController.xib; sourceTree = "<group>"; };
		840EA8C61C72C7B8009476B6 /* RankTableViewController.h */ = {isa = PBXFileReference; fileEncoding = 4; lastKnownFileType = sourcecode.c.h; path = RankTableViewController.h; sourceTree = "<group>"; };
		840EA8C71C72C7B8009476B6 /* RankTableViewController.m */ = {isa = PBXFileReference; fileEncoding = 4; lastKnownFileType = sourcecode.c.objc; path = RankTableViewController.m; sourceTree = "<group>"; };
		840EA8C81C72C7B8009476B6 /* RankTableViewController.xib */ = {isa = PBXFileReference; fileEncoding = 4; lastKnownFileType = file.xib; path = RankTableViewController.xib; sourceTree = "<group>"; };
		8421FAE71CB38CEB00B8CCF5 /* SoundManager.h */ = {isa = PBXFileReference; fileEncoding = 4; lastKnownFileType = sourcecode.c.h; path = SoundManager.h; sourceTree = "<group>"; };
		8421FAE81CB38CEB00B8CCF5 /* SoundManager.m */ = {isa = PBXFileReference; fileEncoding = 4; lastKnownFileType = sourcecode.c.objc; path = SoundManager.m; sourceTree = "<group>"; };
		842CD21E1BB66481000E2703 /* Smart Watch.app */ = {isa = PBXFileReference; explicitFileType = wrapper.application; includeInIndex = 0; path = "Smart Watch.app"; sourceTree = BUILT_PRODUCTS_DIR; };
		842CD2221BB66481000E2703 /* main.m */ = {isa = PBXFileReference; lastKnownFileType = sourcecode.c.objc; path = main.m; sourceTree = "<group>"; };
		842CD2241BB66481000E2703 /* AppDelegate.h */ = {isa = PBXFileReference; lastKnownFileType = sourcecode.c.h; path = AppDelegate.h; sourceTree = "<group>"; };
		842CD2251BB66481000E2703 /* AppDelegate.m */ = {isa = PBXFileReference; lastKnownFileType = sourcecode.c.objc; path = AppDelegate.m; sourceTree = "<group>"; };
		842CD2271BB66481000E2703 /* DataTableViewController.h */ = {isa = PBXFileReference; lastKnownFileType = sourcecode.c.h; path = DataTableViewController.h; sourceTree = "<group>"; };
		842CD2281BB66481000E2703 /* DataTableViewController.m */ = {isa = PBXFileReference; lastKnownFileType = sourcecode.c.objc; path = DataTableViewController.m; sourceTree = "<group>"; };
		842CD22B1BB66481000E2703 /* Base */ = {isa = PBXFileReference; lastKnownFileType = file.storyboard; name = Base; path = Base.lproj/Main.storyboard; sourceTree = "<group>"; };
		842CD22D1BB66481000E2703 /* Assets.xcassets */ = {isa = PBXFileReference; lastKnownFileType = folder.assetcatalog; path = Assets.xcassets; sourceTree = "<group>"; };
		842CD2301BB66481000E2703 /* Base */ = {isa = PBXFileReference; lastKnownFileType = file.storyboard; name = Base; path = Base.lproj/LaunchScreen.storyboard; sourceTree = "<group>"; };
		842CD2321BB66481000E2703 /* Info.plist */ = {isa = PBXFileReference; lastKnownFileType = text.plist.xml; path = Info.plist; sourceTree = "<group>"; };
		842CD2371BB66481000E2703 /* TestTests.xctest */ = {isa = PBXFileReference; explicitFileType = wrapper.cfbundle; includeInIndex = 0; path = TestTests.xctest; sourceTree = BUILT_PRODUCTS_DIR; };
		842CD23B1BB66481000E2703 /* TestTests.m */ = {isa = PBXFileReference; lastKnownFileType = sourcecode.c.objc; path = TestTests.m; sourceTree = "<group>"; };
		842CD23D1BB66481000E2703 /* Info.plist */ = {isa = PBXFileReference; lastKnownFileType = text.plist.xml; path = Info.plist; sourceTree = "<group>"; };
		842CD2421BB66481000E2703 /* TestUITests.xctest */ = {isa = PBXFileReference; explicitFileType = wrapper.cfbundle; includeInIndex = 0; path = TestUITests.xctest; sourceTree = BUILT_PRODUCTS_DIR; };
		842CD2461BB66481000E2703 /* TestUITests.m */ = {isa = PBXFileReference; lastKnownFileType = sourcecode.c.objc; path = TestUITests.m; sourceTree = "<group>"; };
		842CD2481BB66481000E2703 /* Info.plist */ = {isa = PBXFileReference; lastKnownFileType = text.plist.xml; path = Info.plist; sourceTree = "<group>"; };
		842CD24B1BB66481000E2703 /* Test WatchKit App.app */ = {isa = PBXFileReference; explicitFileType = wrapper.application; includeInIndex = 0; path = "Test WatchKit App.app"; sourceTree = BUILT_PRODUCTS_DIR; };
		842CD2511BB66481000E2703 /* Base */ = {isa = PBXFileReference; lastKnownFileType = file.storyboard; name = Base; path = Base.lproj/Interface.storyboard; sourceTree = "<group>"; };
		842CD2531BB66481000E2703 /* Assets.xcassets */ = {isa = PBXFileReference; lastKnownFileType = folder.assetcatalog; path = Assets.xcassets; sourceTree = "<group>"; };
		842CD2551BB66481000E2703 /* Info.plist */ = {isa = PBXFileReference; lastKnownFileType = text.plist.xml; path = Info.plist; sourceTree = "<group>"; };
		842CD25A1BB66482000E2703 /* Test WatchKit Extension.appex */ = {isa = PBXFileReference; explicitFileType = "wrapper.app-extension"; includeInIndex = 0; path = "Test WatchKit Extension.appex"; sourceTree = BUILT_PRODUCTS_DIR; };
		842CD2601BB66482000E2703 /* PushNotificationPayload.apns */ = {isa = PBXFileReference; lastKnownFileType = text; path = PushNotificationPayload.apns; sourceTree = "<group>"; };
		842CD2611BB66482000E2703 /* InterfaceController.h */ = {isa = PBXFileReference; lastKnownFileType = sourcecode.c.h; path = InterfaceController.h; sourceTree = "<group>"; };
		842CD2621BB66482000E2703 /* InterfaceController.m */ = {isa = PBXFileReference; lastKnownFileType = sourcecode.c.objc; path = InterfaceController.m; sourceTree = "<group>"; };
		842CD2641BB66482000E2703 /* ExtensionDelegate.h */ = {isa = PBXFileReference; lastKnownFileType = sourcecode.c.h; path = ExtensionDelegate.h; sourceTree = "<group>"; };
		842CD2651BB66482000E2703 /* ExtensionDelegate.m */ = {isa = PBXFileReference; lastKnownFileType = sourcecode.c.objc; path = ExtensionDelegate.m; sourceTree = "<group>"; };
		842CD2671BB66482000E2703 /* NotificationController.h */ = {isa = PBXFileReference; lastKnownFileType = sourcecode.c.h; path = NotificationController.h; sourceTree = "<group>"; };
		842CD2681BB66482000E2703 /* NotificationController.m */ = {isa = PBXFileReference; lastKnownFileType = sourcecode.c.objc; path = NotificationController.m; sourceTree = "<group>"; };
		842CD26A1BB66482000E2703 /* Assets.xcassets */ = {isa = PBXFileReference; lastKnownFileType = folder.assetcatalog; path = Assets.xcassets; sourceTree = "<group>"; };
		842CD26C1BB66482000E2703 /* Info.plist */ = {isa = PBXFileReference; lastKnownFileType = text.plist.xml; path = Info.plist; sourceTree = "<group>"; };
		84335FA41CAD14D500567346 /* ShopTableViewCell.h */ = {isa = PBXFileReference; fileEncoding = 4; lastKnownFileType = sourcecode.c.h; path = ShopTableViewCell.h; sourceTree = "<group>"; };
		84335FA51CAD14D500567346 /* ShopTableViewCell.m */ = {isa = PBXFileReference; fileEncoding = 4; lastKnownFileType = sourcecode.c.objc; path = ShopTableViewCell.m; sourceTree = "<group>"; };
		84335FA61CAD14D500567346 /* ShopTableViewCell.xib */ = {isa = PBXFileReference; fileEncoding = 4; lastKnownFileType = file.xib; path = ShopTableViewCell.xib; sourceTree = "<group>"; };
		8452BD8E1CA68936000AE39C /* MainInfoViewController.h */ = {isa = PBXFileReference; fileEncoding = 4; lastKnownFileType = sourcecode.c.h; path = MainInfoViewController.h; sourceTree = "<group>"; };
		8452BD8F1CA68936000AE39C /* MainInfoViewController.m */ = {isa = PBXFileReference; fileEncoding = 4; lastKnownFileType = sourcecode.c.objc; path = MainInfoViewController.m; sourceTree = "<group>"; };
		8452BD901CA68936000AE39C /* MainInfoViewController.xib */ = {isa = PBXFileReference; fileEncoding = 4; lastKnownFileType = file.xib; path = MainInfoViewController.xib; sourceTree = "<group>"; };
		846175791C75CB0E009FDCE3 /* CharacterMO+CoreDataProperties.h */ = {isa = PBXFileReference; fileEncoding = 4; lastKnownFileType = sourcecode.c.h; path = "CharacterMO+CoreDataProperties.h"; sourceTree = "<group>"; };
		8461757A1C75CB0E009FDCE3 /* CharacterMO+CoreDataProperties.m */ = {isa = PBXFileReference; fileEncoding = 4; lastKnownFileType = sourcecode.c.objc; path = "CharacterMO+CoreDataProperties.m"; sourceTree = "<group>"; };
		8461757B1C75CB0E009FDCE3 /* CharacterMO.h */ = {isa = PBXFileReference; fileEncoding = 4; lastKnownFileType = sourcecode.c.h; path = CharacterMO.h; sourceTree = "<group>"; };
		8461757C1C75CB0E009FDCE3 /* CharacterMO.m */ = {isa = PBXFileReference; fileEncoding = 4; lastKnownFileType = sourcecode.c.objc; path = CharacterMO.m; sourceTree = "<group>"; };
		8462EF991C48942D005A984E /* DataTableViewCell.h */ = {isa = PBXFileReference; fileEncoding = 4; lastKnownFileType = sourcecode.c.h; name = DataTableViewCell.h; path = View/DataTableViewCell.h; sourceTree = "<group>"; };
		8462EF9A1C48942D005A984E /* DataTableViewCell.m */ = {isa = PBXFileReference; fileEncoding = 4; lastKnownFileType = sourcecode.c.objc; name = DataTableViewCell.m; path = View/DataTableViewCell.m; sourceTree = "<group>"; };
		8462EF9B1C48942D005A984E /* DataTableViewCell.xib */ = {isa = PBXFileReference; fileEncoding = 4; lastKnownFileType = file.xib; name = DataTableViewCell.xib; path = View/DataTableViewCell.xib; sourceTree = "<group>"; };
		846D3AED1C0D8635006BB020 /* InfoViewController.h */ = {isa = PBXFileReference; fileEncoding = 4; lastKnownFileType = sourcecode.c.h; path = InfoViewController.h; sourceTree = "<group>"; };
		846D3AEE1C0D8635006BB020 /* InfoViewController.m */ = {isa = PBXFileReference; fileEncoding = 4; lastKnownFileType = sourcecode.c.objc; path = InfoViewController.m; sourceTree = "<group>"; };
		846D3AEF1C0D8635006BB020 /* InfoViewController.xib */ = {isa = PBXFileReference; fileEncoding = 4; lastKnownFileType = file.xib; path = InfoViewController.xib; sourceTree = "<group>"; };
		846D3AF21C0DAD4B006BB020 /* Defaults.plist */ = {isa = PBXFileReference; fileEncoding = 4; lastKnownFileType = text.plist.xml; path = Defaults.plist; sourceTree = "<group>"; };
		846D3AF41C0DC8CE006BB020 /* TrainingTime+CoreDataProperties.h */ = {isa = PBXFileReference; fileEncoding = 4; lastKnownFileType = sourcecode.c.h; path = "TrainingTime+CoreDataProperties.h"; sourceTree = "<group>"; };
		846D3AF51C0DC8CE006BB020 /* TrainingTime+CoreDataProperties.m */ = {isa = PBXFileReference; fileEncoding = 4; lastKnownFileType = sourcecode.c.objc; path = "TrainingTime+CoreDataProperties.m"; sourceTree = "<group>"; };
		846D3AF61C0DC8CE006BB020 /* TrainingTime.h */ = {isa = PBXFileReference; fileEncoding = 4; lastKnownFileType = sourcecode.c.h; path = TrainingTime.h; sourceTree = "<group>"; };
		846D3AF71C0DC8CE006BB020 /* TrainingTime.m */ = {isa = PBXFileReference; fileEncoding = 4; lastKnownFileType = sourcecode.c.objc; path = TrainingTime.m; sourceTree = "<group>"; };
		846D3AFA1C0DD1D8006BB020 /* Util.h */ = {isa = PBXFileReference; fileEncoding = 4; lastKnownFileType = sourcecode.c.h; path = Util.h; sourceTree = "<group>"; };
		846D3AFB1C0DD1D8006BB020 /* Util.m */ = {isa = PBXFileReference; fileEncoding = 4; lastKnownFileType = sourcecode.c.objc; path = Util.m; sourceTree = "<group>"; };
		8493B37E1BEC53EE00F93E0E /* SensorData+CoreDataProperties.h */ = {isa = PBXFileReference; fileEncoding = 4; lastKnownFileType = sourcecode.c.h; path = "SensorData+CoreDataProperties.h"; sourceTree = "<group>"; };
		8493B37F1BEC53EE00F93E0E /* SensorData+CoreDataProperties.m */ = {isa = PBXFileReference; fileEncoding = 4; lastKnownFileType = sourcecode.c.objc; path = "SensorData+CoreDataProperties.m"; sourceTree = "<group>"; };
		8493B3801BEC53EE00F93E0E /* SensorData.h */ = {isa = PBXFileReference; fileEncoding = 4; lastKnownFileType = sourcecode.c.h; path = SensorData.h; sourceTree = "<group>"; };
		8493B3811BEC53EE00F93E0E /* SensorData.m */ = {isa = PBXFileReference; fileEncoding = 4; lastKnownFileType = sourcecode.c.objc; path = SensorData.m; sourceTree = "<group>"; };
		8493B3861BEC5A7200F93E0E /* Data.h */ = {isa = PBXFileReference; fileEncoding = 4; lastKnownFileType = sourcecode.c.h; path = Data.h; sourceTree = "<group>"; };
		8493B3871BEC5A7200F93E0E /* Data.m */ = {isa = PBXFileReference; fileEncoding = 4; lastKnownFileType = sourcecode.c.objc; path = Data.m; sourceTree = "<group>"; };
		8493B38B1BECBB0D00F93E0E /* CYLTabBarControllerConfig.h */ = {isa = PBXFileReference; fileEncoding = 4; lastKnownFileType = sourcecode.c.h; path = CYLTabBarControllerConfig.h; sourceTree = "<group>"; };
		8493B38C1BECBB0D00F93E0E /* CYLTabBarControllerConfig.m */ = {isa = PBXFileReference; fileEncoding = 4; lastKnownFileType = sourcecode.c.objc; path = CYLTabBarControllerConfig.m; sourceTree = "<group>"; };
		8493B38E1BECCC7700F93E0E /* HomeViewController.h */ = {isa = PBXFileReference; fileEncoding = 4; lastKnownFileType = sourcecode.c.h; path = HomeViewController.h; sourceTree = "<group>"; };
		8493B38F1BECCC7700F93E0E /* HomeViewController.m */ = {isa = PBXFileReference; fileEncoding = 4; lastKnownFileType = sourcecode.c.objc; path = HomeViewController.m; sourceTree = "<group>"; };
		8493B3901BECCC7700F93E0E /* HomeViewController.xib */ = {isa = PBXFileReference; fileEncoding = 4; lastKnownFileType = file.xib; path = HomeViewController.xib; sourceTree = "<group>"; };
		8493B3931BECD2B400F93E0E /* Constants.h */ = {isa = PBXFileReference; fileEncoding = 4; lastKnownFileType = sourcecode.c.h; path = Constants.h; sourceTree = "<group>"; };
		8493B3941BECD2B400F93E0E /* Constants.m */ = {isa = PBXFileReference; fileEncoding = 4; lastKnownFileType = sourcecode.c.objc; path = Constants.m; sourceTree = "<group>"; };
		8493B39A1BEDF1C800F93E0E /* UIImage+animatedGIF.h */ = {isa = PBXFileReference; fileEncoding = 4; lastKnownFileType = sourcecode.c.h; path = "UIImage+animatedGIF.h"; sourceTree = "<group>"; };
		8493B39B1BEDF1C800F93E0E /* UIImage+animatedGIF.m */ = {isa = PBXFileReference; fileEncoding = 4; lastKnownFileType = sourcecode.c.objc; path = "UIImage+animatedGIF.m"; sourceTree = "<group>"; };
		8493B3A01BEDF75400F93E0E /* gif0.gif */ = {isa = PBXFileReference; lastKnownFileType = image.gif; name = gif0.gif; path = gifs/gif0.gif; sourceTree = "<group>"; };
		8493B3A21BEDF85300F93E0E /* gif1.gif */ = {isa = PBXFileReference; lastKnownFileType = image.gif; name = gif1.gif; path = gifs/gif1.gif; sourceTree = "<group>"; };
		8493B3A31BEDF85300F93E0E /* gif2.gif */ = {isa = PBXFileReference; lastKnownFileType = image.gif; name = gif2.gif; path = gifs/gif2.gif; sourceTree = "<group>"; };
		8493B3A41BEDF85300F93E0E /* gif3.gif */ = {isa = PBXFileReference; lastKnownFileType = image.gif; name = gif3.gif; path = gifs/gif3.gif; sourceTree = "<group>"; };
		8493B3A51BEDF85300F93E0E /* gif4.gif */ = {isa = PBXFileReference; lastKnownFileType = image.gif; name = gif4.gif; path = gifs/gif4.gif; sourceTree = "<group>"; };
		8493B3A61BEDF85300F93E0E /* gif5.gif */ = {isa = PBXFileReference; lastKnownFileType = image.gif; name = gif5.gif; path = gifs/gif5.gif; sourceTree = "<group>"; };
		8493B3A71BEDF85300F93E0E /* gif6.gif */ = {isa = PBXFileReference; lastKnownFileType = image.gif; name = gif6.gif; path = gifs/gif6.gif; sourceTree = "<group>"; };
		8493B3A81BEDF85400F93E0E /* gif7.gif */ = {isa = PBXFileReference; lastKnownFileType = image.gif; name = gif7.gif; path = gifs/gif7.gif; sourceTree = "<group>"; };
		84B8FD4C1BE8880B00CCE8DC /* WatchSessionManager.h */ = {isa = PBXFileReference; fileEncoding = 4; lastKnownFileType = sourcecode.c.h; path = WatchSessionManager.h; sourceTree = "<group>"; };
		84B8FD4D1BE8880B00CCE8DC /* WatchSessionManager.m */ = {isa = PBXFileReference; fileEncoding = 4; lastKnownFileType = sourcecode.c.objc; path = WatchSessionManager.m; sourceTree = "<group>"; };
		84B8FD501BE8E27300CCE8DC /* Model.xcdatamodel */ = {isa = PBXFileReference; lastKnownFileType = wrapper.xcdatamodel; path = Model.xcdatamodel; sourceTree = "<group>"; };
		84D0054B1BB9313D005992E5 /* HealthKit.framework */ = {isa = PBXFileReference; lastKnownFileType = wrapper.framework; name = HealthKit.framework; path = System/Library/Frameworks/HealthKit.framework; sourceTree = SDKROOT; };
		84D0054D1BB9313D005992E5 /* Test.entitlements */ = {isa = PBXFileReference; lastKnownFileType = text.xml; path = Test.entitlements; sourceTree = "<group>"; };
		84F8B68C1BBC0C830054C199 /* HealthKit.framework */ = {isa = PBXFileReference; lastKnownFileType = wrapper.framework; name = HealthKit.framework; path = Platforms/WatchOS.platform/Developer/SDKs/WatchOS2.0.sdk/System/Library/Frameworks/HealthKit.framework; sourceTree = DEVELOPER_DIR; };
		84F8B68E1BBC0C830054C199 /* Test WatchKit Extension.entitlements */ = {isa = PBXFileReference; lastKnownFileType = text.xml; path = "Test WatchKit Extension.entitlements"; sourceTree = "<group>"; };
		E4BE0B29EC4A790682B10E1A /* libPods.a */ = {isa = PBXFileReference; explicitFileType = archive.ar; includeInIndex = 0; path = libPods.a; sourceTree = BUILT_PRODUCTS_DIR; };
/* End PBXFileReference section */

/* Begin PBXFrameworksBuildPhase section */
		842CD21B1BB66481000E2703 /* Frameworks */ = {
			isa = PBXFrameworksBuildPhase;
			buildActionMask = 2147483647;
			files = (
				84D0054C1BB9313D005992E5 /* HealthKit.framework in Frameworks */,
				83E262BB6E405E854A997348 /* libPods.a in Frameworks */,
			);
			runOnlyForDeploymentPostprocessing = 0;
		};
		842CD2341BB66481000E2703 /* Frameworks */ = {
			isa = PBXFrameworksBuildPhase;
			buildActionMask = 2147483647;
			files = (
			);
			runOnlyForDeploymentPostprocessing = 0;
		};
		842CD23F1BB66481000E2703 /* Frameworks */ = {
			isa = PBXFrameworksBuildPhase;
			buildActionMask = 2147483647;
			files = (
			);
			runOnlyForDeploymentPostprocessing = 0;
		};
		842CD2571BB66482000E2703 /* Frameworks */ = {
			isa = PBXFrameworksBuildPhase;
			buildActionMask = 2147483647;
			files = (
				84F8B68D1BBC0C830054C199 /* HealthKit.framework in Frameworks */,
			);
			runOnlyForDeploymentPostprocessing = 0;
		};
/* End PBXFrameworksBuildPhase section */

/* Begin PBXGroup section */
		842CD2151BB66481000E2703 = {
			isa = PBXGroup;
			children = (
				8493B3981BEDF18700F93E0E /* library */,
				8493B3971BEDEAF600F93E0E /* Model */,
				84F8B68C1BBC0C830054C199 /* HealthKit.framework */,
				84D0054B1BB9313D005992E5 /* HealthKit.framework */,
				842CD2201BB66481000E2703 /* Test */,
				842CD23A1BB66481000E2703 /* TestTests */,
				842CD2451BB66481000E2703 /* TestUITests */,
				842CD24F1BB66481000E2703 /* Test WatchKit App */,
				842CD25E1BB66482000E2703 /* Test WatchKit Extension */,
				842CD21F1BB66481000E2703 /* Products */,
				E9AE2A4D397686DF6E592011 /* Pods */,
				B66D2AB70457FE491FC4FCFF /* Frameworks */,
			);
			sourceTree = "<group>";
		};
		842CD21F1BB66481000E2703 /* Products */ = {
			isa = PBXGroup;
			children = (
				842CD21E1BB66481000E2703 /* Smart Watch.app */,
				842CD2371BB66481000E2703 /* TestTests.xctest */,
				842CD2421BB66481000E2703 /* TestUITests.xctest */,
				842CD24B1BB66481000E2703 /* Test WatchKit App.app */,
				842CD25A1BB66482000E2703 /* Test WatchKit Extension.appex */,
			);
			name = Products;
			sourceTree = "<group>";
		};
		842CD2201BB66481000E2703 /* Test */ = {
			isa = PBXGroup;
			children = (
				8462EF981C4893DB005A984E /* View */,
				84D0054D1BB9313D005992E5 /* Test.entitlements */,
				842CD2241BB66481000E2703 /* AppDelegate.h */,
				842CD2251BB66481000E2703 /* AppDelegate.m */,
				842CD2271BB66481000E2703 /* DataTableViewController.h */,
				842CD2281BB66481000E2703 /* DataTableViewController.m */,
				842CD22A1BB66481000E2703 /* Main.storyboard */,
				842CD22D1BB66481000E2703 /* Assets.xcassets */,
				842CD22F1BB66481000E2703 /* LaunchScreen.storyboard */,
				842CD2321BB66481000E2703 /* Info.plist */,
				842CD2211BB66481000E2703 /* Supporting Files */,
				84B8FD4C1BE8880B00CCE8DC /* WatchSessionManager.h */,
				84B8FD4D1BE8880B00CCE8DC /* WatchSessionManager.m */,
				8493B38B1BECBB0D00F93E0E /* CYLTabBarControllerConfig.h */,
				8493B38C1BECBB0D00F93E0E /* CYLTabBarControllerConfig.m */,
				8493B38E1BECCC7700F93E0E /* HomeViewController.h */,
				8493B38F1BECCC7700F93E0E /* HomeViewController.m */,
				8493B3901BECCC7700F93E0E /* HomeViewController.xib */,
				846D3AED1C0D8635006BB020 /* InfoViewController.h */,
				846D3AEE1C0D8635006BB020 /* InfoViewController.m */,
				846D3AEF1C0D8635006BB020 /* InfoViewController.xib */,
				8452BD8E1CA68936000AE39C /* MainInfoViewController.h */,
				8452BD8F1CA68936000AE39C /* MainInfoViewController.m */,
				8452BD901CA68936000AE39C /* MainInfoViewController.xib */,
				846D3AF21C0DAD4B006BB020 /* Defaults.plist */,
				846D3AFA1C0DD1D8006BB020 /* Util.h */,
				846D3AFB1C0DD1D8006BB020 /* Util.m */,
				840EA8A11C717FE7009476B6 /* FightViewController.h */,
				840EA8A21C717FE7009476B6 /* FightViewController.m */,
				840EA8A31C717FE7009476B6 /* FightViewController.xib */,
				840EA8A61C719674009476B6 /* GameViewController.h */,
				840EA8A71C719674009476B6 /* GameViewController.m */,
				840EA8A81C719674009476B6 /* GameViewController.xib */,
				840EA8B41C72B5AC009476B6 /* ShopViewController.h */,
				840EA8B51C72B5AC009476B6 /* ShopViewController.m */,
				840EA8B91C72B5BA009476B6 /* RankViewController.h */,
				840EA8BA1C72B5BA009476B6 /* RankViewController.m */,
				840EA8BB1C72B5BA009476B6 /* RankViewController.xib */,
				840EA8C61C72C7B8009476B6 /* RankTableViewController.h */,
				840EA8C71C72C7B8009476B6 /* RankTableViewController.m */,
				840EA8C81C72C7B8009476B6 /* RankTableViewController.xib */,
				8421FAE71CB38CEB00B8CCF5 /* SoundManager.h */,
				8421FAE81CB38CEB00B8CCF5 /* SoundManager.m */,
			);
			path = Test;
			sourceTree = "<group>";
		};
		842CD2211BB66481000E2703 /* Supporting Files */ = {
			isa = PBXGroup;
			children = (
				842CD2221BB66481000E2703 /* main.m */,
			);
			name = "Supporting Files";
			sourceTree = "<group>";
		};
		842CD23A1BB66481000E2703 /* TestTests */ = {
			isa = PBXGroup;
			children = (
				842CD23B1BB66481000E2703 /* TestTests.m */,
				842CD23D1BB66481000E2703 /* Info.plist */,
			);
			path = TestTests;
			sourceTree = "<group>";
		};
		842CD2451BB66481000E2703 /* TestUITests */ = {
			isa = PBXGroup;
			children = (
				842CD2461BB66481000E2703 /* TestUITests.m */,
				842CD2481BB66481000E2703 /* Info.plist */,
			);
			path = TestUITests;
			sourceTree = "<group>";
		};
		842CD24F1BB66481000E2703 /* Test WatchKit App */ = {
			isa = PBXGroup;
			children = (
				842CD2501BB66481000E2703 /* Interface.storyboard */,
				842CD2531BB66481000E2703 /* Assets.xcassets */,
				842CD2551BB66481000E2703 /* Info.plist */,
			);
			path = "Test WatchKit App";
			sourceTree = "<group>";
		};
		842CD25E1BB66482000E2703 /* Test WatchKit Extension */ = {
			isa = PBXGroup;
			children = (
				84F8B68E1BBC0C830054C199 /* Test WatchKit Extension.entitlements */,
				842CD2611BB66482000E2703 /* InterfaceController.h */,
				842CD2621BB66482000E2703 /* InterfaceController.m */,
				842CD2641BB66482000E2703 /* ExtensionDelegate.h */,
				842CD2651BB66482000E2703 /* ExtensionDelegate.m */,
				842CD2671BB66482000E2703 /* NotificationController.h */,
				842CD2681BB66482000E2703 /* NotificationController.m */,
				842CD26A1BB66482000E2703 /* Assets.xcassets */,
				842CD26C1BB66482000E2703 /* Info.plist */,
				842CD25F1BB66482000E2703 /* Supporting Files */,
			);
			path = "Test WatchKit Extension";
			sourceTree = "<group>";
		};
		842CD25F1BB66482000E2703 /* Supporting Files */ = {
			isa = PBXGroup;
			children = (
				842CD2601BB66482000E2703 /* PushNotificationPayload.apns */,
			);
			name = "Supporting Files";
			sourceTree = "<group>";
		};
		8462EF981C4893DB005A984E /* View */ = {
			isa = PBXGroup;
			children = (
				8462EF991C48942D005A984E /* DataTableViewCell.h */,
				8462EF9A1C48942D005A984E /* DataTableViewCell.m */,
				8462EF9B1C48942D005A984E /* DataTableViewCell.xib */,
				84335FA41CAD14D500567346 /* ShopTableViewCell.h */,
				84335FA51CAD14D500567346 /* ShopTableViewCell.m */,
				84335FA61CAD14D500567346 /* ShopTableViewCell.xib */,
			);
			name = View;
			sourceTree = "<group>";
		};
		8493B3971BEDEAF600F93E0E /* Model */ = {
			isa = PBXGroup;
			children = (
				8493B3931BECD2B400F93E0E /* Constants.h */,
				8493B3941BECD2B400F93E0E /* Constants.m */,
				8493B3861BEC5A7200F93E0E /* Data.h */,
				8493B3871BEC5A7200F93E0E /* Data.m */,
				84B8FD4F1BE8E27300CCE8DC /* Model.xcdatamodeld */,
				8493B37E1BEC53EE00F93E0E /* SensorData+CoreDataProperties.h */,
				8493B37F1BEC53EE00F93E0E /* SensorData+CoreDataProperties.m */,
				8493B3801BEC53EE00F93E0E /* SensorData.h */,
				8493B3811BEC53EE00F93E0E /* SensorData.m */,
				846D3AF41C0DC8CE006BB020 /* TrainingTime+CoreDataProperties.h */,
				846D3AF51C0DC8CE006BB020 /* TrainingTime+CoreDataProperties.m */,
				846D3AF61C0DC8CE006BB020 /* TrainingTime.h */,
				846D3AF71C0DC8CE006BB020 /* TrainingTime.m */,
				840EA8AB1C71975E009476B6 /* Character.h */,
				840EA8AC1C71975E009476B6 /* Character.m */,
				846175791C75CB0E009FDCE3 /* CharacterMO+CoreDataProperties.h */,
				8461757A1C75CB0E009FDCE3 /* CharacterMO+CoreDataProperties.m */,
				8461757B1C75CB0E009FDCE3 /* CharacterMO.h */,
				8461757C1C75CB0E009FDCE3 /* CharacterMO.m */,
			);
			name = Model;
			sourceTree = "<group>";
		};
		8493B3981BEDF18700F93E0E /* library */ = {
			isa = PBXGroup;
			children = (
				8493B3991BEDF1A300F93E0E /* uiimage-from-animated-gif */,
			);
			name = library;
			sourceTree = "<group>";
		};
		8493B3991BEDF1A300F93E0E /* uiimage-from-animated-gif */ = {
			isa = PBXGroup;
			children = (
				8493B39D1BEDF27000F93E0E /* gifs */,
				8493B39A1BEDF1C800F93E0E /* UIImage+animatedGIF.h */,
				8493B39B1BEDF1C800F93E0E /* UIImage+animatedGIF.m */,
			);
			name = "uiimage-from-animated-gif";
			sourceTree = "<group>";
		};
		8493B39D1BEDF27000F93E0E /* gifs */ = {
			isa = PBXGroup;
			children = (
				840D9D7E1C8EC73900D92922 /* runningman.gif */,
				8493B3A21BEDF85300F93E0E /* gif1.gif */,
				8493B3A31BEDF85300F93E0E /* gif2.gif */,
				8493B3A41BEDF85300F93E0E /* gif3.gif */,
				8493B3A51BEDF85300F93E0E /* gif4.gif */,
				8493B3A61BEDF85300F93E0E /* gif5.gif */,
				8493B3A71BEDF85300F93E0E /* gif6.gif */,
				8493B3A81BEDF85400F93E0E /* gif7.gif */,
				8493B3A01BEDF75400F93E0E /* gif0.gif */,
			);
			name = gifs;
			sourceTree = "<group>";
		};
		B66D2AB70457FE491FC4FCFF /* Frameworks */ = {
			isa = PBXGroup;
			children = (
				E4BE0B29EC4A790682B10E1A /* libPods.a */,
			);
			name = Frameworks;
			sourceTree = "<group>";
		};
		E9AE2A4D397686DF6E592011 /* Pods */ = {
			isa = PBXGroup;
			children = (
				09BA1639C411435668F004CC /* Pods.debug.xcconfig */,
				0F6C3FE867D88A99F68942EC /* Pods.release.xcconfig */,
			);
			name = Pods;
			sourceTree = "<group>";
		};
/* End PBXGroup section */

/* Begin PBXNativeTarget section */
		842CD21D1BB66481000E2703 /* Test */ = {
			isa = PBXNativeTarget;
			buildConfigurationList = 842CD2771BB66482000E2703 /* Build configuration list for PBXNativeTarget "Test" */;
			buildPhases = (
				AC1EA9B00BFAD8D4ABE4065A /* Check Pods Manifest.lock */,
				842CD21A1BB66481000E2703 /* Sources */,
				842CD21B1BB66481000E2703 /* Frameworks */,
				842CD21C1BB66481000E2703 /* Resources */,
				842CD2761BB66482000E2703 /* Embed Watch Content */,
				5383EE6537C05D3671B1615F /* Embed Pods Frameworks */,
				84FE8E4C321B69C98B7B775B /* Copy Pods Resources */,
				C47DF49C1CCA1E70006017CF /* Embed Frameworks */,
			);
			buildRules = (
			);
			dependencies = (
				842CD24E1BB66481000E2703 /* PBXTargetDependency */,
			);
			name = Test;
			productName = Test;
			productReference = 842CD21E1BB66481000E2703 /* Smart Watch.app */;
			productType = "com.apple.product-type.application";
		};
		842CD2361BB66481000E2703 /* TestTests */ = {
			isa = PBXNativeTarget;
			buildConfigurationList = 842CD27A1BB66482000E2703 /* Build configuration list for PBXNativeTarget "TestTests" */;
			buildPhases = (
				842CD2331BB66481000E2703 /* Sources */,
				842CD2341BB66481000E2703 /* Frameworks */,
				842CD2351BB66481000E2703 /* Resources */,
			);
			buildRules = (
			);
			dependencies = (
				842CD2391BB66481000E2703 /* PBXTargetDependency */,
			);
			name = TestTests;
			productName = TestTests;
			productReference = 842CD2371BB66481000E2703 /* TestTests.xctest */;
			productType = "com.apple.product-type.bundle.unit-test";
		};
		842CD2411BB66481000E2703 /* TestUITests */ = {
			isa = PBXNativeTarget;
			buildConfigurationList = 842CD27D1BB66482000E2703 /* Build configuration list for PBXNativeTarget "TestUITests" */;
			buildPhases = (
				842CD23E1BB66481000E2703 /* Sources */,
				842CD23F1BB66481000E2703 /* Frameworks */,
				842CD2401BB66481000E2703 /* Resources */,
			);
			buildRules = (
			);
			dependencies = (
				842CD2441BB66481000E2703 /* PBXTargetDependency */,
			);
			name = TestUITests;
			productName = TestUITests;
			productReference = 842CD2421BB66481000E2703 /* TestUITests.xctest */;
			productType = "com.apple.product-type.bundle.ui-testing";
		};
		842CD24A1BB66481000E2703 /* Test WatchKit App */ = {
			isa = PBXNativeTarget;
			buildConfigurationList = 842CD2731BB66482000E2703 /* Build configuration list for PBXNativeTarget "Test WatchKit App" */;
			buildPhases = (
				842CD2491BB66481000E2703 /* Resources */,
				842CD2721BB66482000E2703 /* Embed App Extensions */,
			);
			buildRules = (
			);
			dependencies = (
				842CD25D1BB66482000E2703 /* PBXTargetDependency */,
			);
			name = "Test WatchKit App";
			productName = "Test WatchKit App";
			productReference = 842CD24B1BB66481000E2703 /* Test WatchKit App.app */;
			productType = "com.apple.product-type.application.watchapp2";
		};
		842CD2591BB66482000E2703 /* Test WatchKit Extension */ = {
			isa = PBXNativeTarget;
			buildConfigurationList = 842CD26F1BB66482000E2703 /* Build configuration list for PBXNativeTarget "Test WatchKit Extension" */;
			buildPhases = (
				842CD2561BB66482000E2703 /* Sources */,
				842CD2571BB66482000E2703 /* Frameworks */,
				842CD2581BB66482000E2703 /* Resources */,
			);
			buildRules = (
			);
			dependencies = (
			);
			name = "Test WatchKit Extension";
			productName = "Test WatchKit Extension";
			productReference = 842CD25A1BB66482000E2703 /* Test WatchKit Extension.appex */;
			productType = "com.apple.product-type.watchkit2-extension";
		};
/* End PBXNativeTarget section */

/* Begin PBXProject section */
		842CD2161BB66481000E2703 /* Project object */ = {
			isa = PBXProject;
			attributes = {
				LastUpgradeCheck = 0700;
				ORGANIZATIONNAME = vincent;
				TargetAttributes = {
					842CD21D1BB66481000E2703 = {
						CreatedOnToolsVersion = 7.0;
						DevelopmentTeam = NPWCQF75XS;
						SystemCapabilities = {
							com.apple.HealthKit = {
								enabled = 1;
							};
						};
					};
					842CD2361BB66481000E2703 = {
						CreatedOnToolsVersion = 7.0;
					};
					842CD2411BB66481000E2703 = {
						CreatedOnToolsVersion = 7.0;
						TestTargetID = 842CD21D1BB66481000E2703;
					};
					842CD24A1BB66481000E2703 = {
						CreatedOnToolsVersion = 7.0;
						DevelopmentTeam = NPWCQF75XS;
					};
					842CD2591BB66482000E2703 = {
						CreatedOnToolsVersion = 7.0;
						DevelopmentTeam = NPWCQF75XS;
						SystemCapabilities = {
							com.apple.HealthKit = {
								enabled = 1;
							};
						};
					};
				};
			};
			buildConfigurationList = 842CD2191BB66481000E2703 /* Build configuration list for PBXProject "Test" */;
			compatibilityVersion = "Xcode 3.2";
			developmentRegion = English;
			hasScannedForEncodings = 0;
			knownRegions = (
				en,
				Base,
			);
			mainGroup = 842CD2151BB66481000E2703;
			productRefGroup = 842CD21F1BB66481000E2703 /* Products */;
			projectDirPath = "";
			projectRoot = "";
			targets = (
				842CD21D1BB66481000E2703 /* Test */,
				842CD2361BB66481000E2703 /* TestTests */,
				842CD2411BB66481000E2703 /* TestUITests */,
				842CD24A1BB66481000E2703 /* Test WatchKit App */,
				842CD2591BB66482000E2703 /* Test WatchKit Extension */,
			);
		};
/* End PBXProject section */

/* Begin PBXResourcesBuildPhase section */
		842CD21C1BB66481000E2703 /* Resources */ = {
			isa = PBXResourcesBuildPhase;
			buildActionMask = 2147483647;
			files = (
				842CD2311BB66481000E2703 /* LaunchScreen.storyboard in Resources */,
				8493B3AF1BEDF85400F93E0E /* gif7.gif in Resources */,
				846D3AF11C0D8635006BB020 /* InfoViewController.xib in Resources */,
				8493B3A91BEDF85400F93E0E /* gif1.gif in Resources */,
				842CD22E1BB66481000E2703 /* Assets.xcassets in Resources */,
				8493B3A11BEDF75400F93E0E /* gif0.gif in Resources */,
				842CD22C1BB66481000E2703 /* Main.storyboard in Resources */,
				8493B3AB1BEDF85400F93E0E /* gif3.gif in Resources */,
				846D3AF31C0DAD4B006BB020 /* Defaults.plist in Resources */,
				840EA8A51C717FE7009476B6 /* FightViewController.xib in Resources */,
				840D9D7F1C8EC73900D92922 /* runningman.gif in Resources */,
				8493B3AA1BEDF85400F93E0E /* gif2.gif in Resources */,
				840EA8CA1C72C7B8009476B6 /* RankTableViewController.xib in Resources */,
				8462EF9D1C48942D005A984E /* DataTableViewCell.xib in Resources */,
				8493B3AE1BEDF85400F93E0E /* gif6.gif in Resources */,
				840EA8AA1C719674009476B6 /* GameViewController.xib in Resources */,
				84335FA81CAD14D500567346 /* ShopTableViewCell.xib in Resources */,
				840EA8BD1C72B5BA009476B6 /* RankViewController.xib in Resources */,
				8493B3AD1BEDF85400F93E0E /* gif5.gif in Resources */,
				8493B3AC1BEDF85400F93E0E /* gif4.gif in Resources */,
				8493B3921BECCC7700F93E0E /* HomeViewController.xib in Resources */,
				8452BD921CA68936000AE39C /* MainInfoViewController.xib in Resources */,
			);
			runOnlyForDeploymentPostprocessing = 0;
		};
		842CD2351BB66481000E2703 /* Resources */ = {
			isa = PBXResourcesBuildPhase;
			buildActionMask = 2147483647;
			files = (
			);
			runOnlyForDeploymentPostprocessing = 0;
		};
		842CD2401BB66481000E2703 /* Resources */ = {
			isa = PBXResourcesBuildPhase;
			buildActionMask = 2147483647;
			files = (
			);
			runOnlyForDeploymentPostprocessing = 0;
		};
		842CD2491BB66481000E2703 /* Resources */ = {
			isa = PBXResourcesBuildPhase;
			buildActionMask = 2147483647;
			files = (
				842CD2541BB66481000E2703 /* Assets.xcassets in Resources */,
				842CD2521BB66481000E2703 /* Interface.storyboard in Resources */,
			);
			runOnlyForDeploymentPostprocessing = 0;
		};
		842CD2581BB66482000E2703 /* Resources */ = {
			isa = PBXResourcesBuildPhase;
			buildActionMask = 2147483647;
			files = (
				842CD26B1BB66482000E2703 /* Assets.xcassets in Resources */,
			);
			runOnlyForDeploymentPostprocessing = 0;
		};
/* End PBXResourcesBuildPhase section */

/* Begin PBXShellScriptBuildPhase section */
		5383EE6537C05D3671B1615F /* Embed Pods Frameworks */ = {
			isa = PBXShellScriptBuildPhase;
			buildActionMask = 2147483647;
			files = (
			);
			inputPaths = (
			);
			name = "Embed Pods Frameworks";
			outputPaths = (
			);
			runOnlyForDeploymentPostprocessing = 0;
			shellPath = /bin/sh;
			shellScript = "\"${SRCROOT}/Pods/Target Support Files/Pods/Pods-frameworks.sh\"\n";
			showEnvVarsInLog = 0;
		};
		84FE8E4C321B69C98B7B775B /* Copy Pods Resources */ = {
			isa = PBXShellScriptBuildPhase;
			buildActionMask = 2147483647;
			files = (
			);
			inputPaths = (
			);
			name = "Copy Pods Resources";
			outputPaths = (
			);
			runOnlyForDeploymentPostprocessing = 0;
			shellPath = /bin/sh;
			shellScript = "\"${SRCROOT}/Pods/Target Support Files/Pods/Pods-resources.sh\"\n";
			showEnvVarsInLog = 0;
		};
		AC1EA9B00BFAD8D4ABE4065A /* Check Pods Manifest.lock */ = {
			isa = PBXShellScriptBuildPhase;
			buildActionMask = 2147483647;
			files = (
			);
			inputPaths = (
			);
			name = "Check Pods Manifest.lock";
			outputPaths = (
			);
			runOnlyForDeploymentPostprocessing = 0;
			shellPath = /bin/sh;
			shellScript = "diff \"${PODS_ROOT}/../Podfile.lock\" \"${PODS_ROOT}/Manifest.lock\" > /dev/null\nif [[ $? != 0 ]] ; then\n    cat << EOM\nerror: The sandbox is not in sync with the Podfile.lock. Run 'pod install' or update your CocoaPods installation.\nEOM\n    exit 1\nfi\n";
			showEnvVarsInLog = 0;
		};
/* End PBXShellScriptBuildPhase section */

/* Begin PBXSourcesBuildPhase section */
		842CD21A1BB66481000E2703 /* Sources */ = {
			isa = PBXSourcesBuildPhase;
			buildActionMask = 2147483647;
			files = (
				8493B3951BECD2B400F93E0E /* Constants.m in Sources */,
				840EA8A91C719674009476B6 /* GameViewController.m in Sources */,
				840EA8C91C72C7B8009476B6 /* RankTableViewController.m in Sources */,
				8493B39C1BEDF1C800F93E0E /* UIImage+animatedGIF.m in Sources */,
				8493B38D1BECBB0D00F93E0E /* CYLTabBarControllerConfig.m in Sources */,
				8421FAE91CB38CEB00B8CCF5 /* SoundManager.m in Sources */,
				8493B3831BEC53EE00F93E0E /* SensorData.m in Sources */,
				8461757D1C75CB0E009FDCE3 /* CharacterMO+CoreDataProperties.m in Sources */,
				8461757E1C75CB0E009FDCE3 /* CharacterMO.m in Sources */,
				842CD2291BB66481000E2703 /* DataTableViewController.m in Sources */,
				840EA8A41C717FE7009476B6 /* FightViewController.m in Sources */,
				8493B3911BECCC7700F93E0E /* HomeViewController.m in Sources */,
				842CD2261BB66481000E2703 /* AppDelegate.m in Sources */,
				846D3AF01C0D8635006BB020 /* InfoViewController.m in Sources */,
				8462EF9C1C48942D005A984E /* DataTableViewCell.m in Sources */,
				840EA8AD1C71975E009476B6 /* Character.m in Sources */,
				8493B3881BEC5A7200F93E0E /* Data.m in Sources */,
				840EA8B71C72B5AC009476B6 /* ShopViewController.m in Sources */,
				8452BD911CA68936000AE39C /* MainInfoViewController.m in Sources */,
				846D3AF91C0DC8CE006BB020 /* TrainingTime.m in Sources */,
				84335FA71CAD14D500567346 /* ShopTableViewCell.m in Sources */,
				84B8FD511BE8E27300CCE8DC /* Model.xcdatamodeld in Sources */,
				846D3AF81C0DC8CE006BB020 /* TrainingTime+CoreDataProperties.m in Sources */,
				8493B3821BEC53EE00F93E0E /* SensorData+CoreDataProperties.m in Sources */,
				840EA8BC1C72B5BA009476B6 /* RankViewController.m in Sources */,
				84B8FD4E1BE8880B00CCE8DC /* WatchSessionManager.m in Sources */,
				842CD2231BB66481000E2703 /* main.m in Sources */,
				846D3AFC1C0DD1D8006BB020 /* Util.m in Sources */,
			);
			runOnlyForDeploymentPostprocessing = 0;
		};
		842CD2331BB66481000E2703 /* Sources */ = {
			isa = PBXSourcesBuildPhase;
			buildActionMask = 2147483647;
			files = (
				842CD23C1BB66481000E2703 /* TestTests.m in Sources */,
			);
			runOnlyForDeploymentPostprocessing = 0;
		};
		842CD23E1BB66481000E2703 /* Sources */ = {
			isa = PBXSourcesBuildPhase;
			buildActionMask = 2147483647;
			files = (
				842CD2471BB66481000E2703 /* TestUITests.m in Sources */,
			);
			runOnlyForDeploymentPostprocessing = 0;
		};
		842CD2561BB66482000E2703 /* Sources */ = {
			isa = PBXSourcesBuildPhase;
			buildActionMask = 2147483647;
			files = (
				8493B3891BEC5A7200F93E0E /* Data.m in Sources */,
				842CD2661BB66482000E2703 /* ExtensionDelegate.m in Sources */,
				842CD2631BB66482000E2703 /* InterfaceController.m in Sources */,
				842CD2691BB66482000E2703 /* NotificationController.m in Sources */,
				8493B3851BEC58EE00F93E0E /* SensorData+CoreDataProperties.m in Sources */,
				8493B3961BECD2B400F93E0E /* Constants.m in Sources */,
				8493B38A1BEC68AC00F93E0E /* SensorData.m in Sources */,
			);
			runOnlyForDeploymentPostprocessing = 0;
		};
/* End PBXSourcesBuildPhase section */

/* Begin PBXTargetDependency section */
		842CD2391BB66481000E2703 /* PBXTargetDependency */ = {
			isa = PBXTargetDependency;
			target = 842CD21D1BB66481000E2703 /* Test */;
			targetProxy = 842CD2381BB66481000E2703 /* PBXContainerItemProxy */;
		};
		842CD2441BB66481000E2703 /* PBXTargetDependency */ = {
			isa = PBXTargetDependency;
			target = 842CD21D1BB66481000E2703 /* Test */;
			targetProxy = 842CD2431BB66481000E2703 /* PBXContainerItemProxy */;
		};
		842CD24E1BB66481000E2703 /* PBXTargetDependency */ = {
			isa = PBXTargetDependency;
			target = 842CD24A1BB66481000E2703 /* Test WatchKit App */;
			targetProxy = 842CD24D1BB66481000E2703 /* PBXContainerItemProxy */;
		};
		842CD25D1BB66482000E2703 /* PBXTargetDependency */ = {
			isa = PBXTargetDependency;
			target = 842CD2591BB66482000E2703 /* Test WatchKit Extension */;
			targetProxy = 842CD25C1BB66482000E2703 /* PBXContainerItemProxy */;
		};
/* End PBXTargetDependency section */

/* Begin PBXVariantGroup section */
		842CD22A1BB66481000E2703 /* Main.storyboard */ = {
			isa = PBXVariantGroup;
			children = (
				842CD22B1BB66481000E2703 /* Base */,
			);
			name = Main.storyboard;
			sourceTree = "<group>";
		};
		842CD22F1BB66481000E2703 /* LaunchScreen.storyboard */ = {
			isa = PBXVariantGroup;
			children = (
				842CD2301BB66481000E2703 /* Base */,
			);
			name = LaunchScreen.storyboard;
			sourceTree = "<group>";
		};
		842CD2501BB66481000E2703 /* Interface.storyboard */ = {
			isa = PBXVariantGroup;
			children = (
				842CD2511BB66481000E2703 /* Base */,
			);
			name = Interface.storyboard;
			sourceTree = "<group>";
		};
/* End PBXVariantGroup section */

/* Begin XCBuildConfiguration section */
		842CD26D1BB66482000E2703 /* Debug */ = {
			isa = XCBuildConfiguration;
			buildSettings = {
				ALWAYS_SEARCH_USER_PATHS = NO;
				CLANG_CXX_LANGUAGE_STANDARD = "gnu++0x";
				CLANG_CXX_LIBRARY = "libc++";
				CLANG_ENABLE_MODULES = YES;
				CLANG_ENABLE_OBJC_ARC = YES;
				CLANG_WARN_BOOL_CONVERSION = YES;
				CLANG_WARN_CONSTANT_CONVERSION = YES;
				CLANG_WARN_DIRECT_OBJC_ISA_USAGE = YES_ERROR;
				CLANG_WARN_EMPTY_BODY = YES;
				CLANG_WARN_ENUM_CONVERSION = YES;
				CLANG_WARN_INT_CONVERSION = YES;
				CLANG_WARN_OBJC_ROOT_CLASS = YES_ERROR;
				CLANG_WARN_UNREACHABLE_CODE = YES;
				CLANG_WARN__DUPLICATE_METHOD_MATCH = YES;
				"CODE_SIGN_IDENTITY[sdk=iphoneos*]" = "iPhone Developer";
				COPY_PHASE_STRIP = NO;
				DEBUG_INFORMATION_FORMAT = dwarf;
				ENABLE_STRICT_OBJC_MSGSEND = YES;
				ENABLE_TESTABILITY = YES;
				GCC_C_LANGUAGE_STANDARD = gnu99;
				GCC_DYNAMIC_NO_PIC = NO;
				GCC_NO_COMMON_BLOCKS = YES;
				GCC_OPTIMIZATION_LEVEL = 0;
				GCC_PREPROCESSOR_DEFINITIONS = "$(inherited)";
				GCC_WARN_64_TO_32_BIT_CONVERSION = YES;
				GCC_WARN_ABOUT_RETURN_TYPE = YES_ERROR;
				GCC_WARN_UNDECLARED_SELECTOR = YES;
				GCC_WARN_UNINITIALIZED_AUTOS = YES_AGGRESSIVE;
				GCC_WARN_UNUSED_FUNCTION = YES;
				GCC_WARN_UNUSED_VARIABLE = YES;
				IPHONEOS_DEPLOYMENT_TARGET = 9.0;
				MTL_ENABLE_DEBUG_INFO = YES;
				ONLY_ACTIVE_ARCH = YES;
				SDKROOT = iphoneos;
			};
			name = Debug;
		};
		842CD26E1BB66482000E2703 /* Release */ = {
			isa = XCBuildConfiguration;
			buildSettings = {
				ALWAYS_SEARCH_USER_PATHS = NO;
				CLANG_CXX_LANGUAGE_STANDARD = "gnu++0x";
				CLANG_CXX_LIBRARY = "libc++";
				CLANG_ENABLE_MODULES = YES;
				CLANG_ENABLE_OBJC_ARC = YES;
				CLANG_WARN_BOOL_CONVERSION = YES;
				CLANG_WARN_CONSTANT_CONVERSION = YES;
				CLANG_WARN_DIRECT_OBJC_ISA_USAGE = YES_ERROR;
				CLANG_WARN_EMPTY_BODY = YES;
				CLANG_WARN_ENUM_CONVERSION = YES;
				CLANG_WARN_INT_CONVERSION = YES;
				CLANG_WARN_OBJC_ROOT_CLASS = YES_ERROR;
				CLANG_WARN_UNREACHABLE_CODE = YES;
				CLANG_WARN__DUPLICATE_METHOD_MATCH = YES;
				"CODE_SIGN_IDENTITY[sdk=iphoneos*]" = "iPhone Developer";
				COPY_PHASE_STRIP = NO;
				DEBUG_INFORMATION_FORMAT = "dwarf-with-dsym";
				ENABLE_NS_ASSERTIONS = NO;
				ENABLE_STRICT_OBJC_MSGSEND = YES;
				GCC_C_LANGUAGE_STANDARD = gnu99;
				GCC_NO_COMMON_BLOCKS = YES;
				GCC_WARN_64_TO_32_BIT_CONVERSION = YES;
				GCC_WARN_ABOUT_RETURN_TYPE = YES_ERROR;
				GCC_WARN_UNDECLARED_SELECTOR = YES;
				GCC_WARN_UNINITIALIZED_AUTOS = YES_AGGRESSIVE;
				GCC_WARN_UNUSED_FUNCTION = YES;
				GCC_WARN_UNUSED_VARIABLE = YES;
				IPHONEOS_DEPLOYMENT_TARGET = 9.0;
				MTL_ENABLE_DEBUG_INFO = NO;
				SDKROOT = iphoneos;
				VALIDATE_PRODUCT = YES;
			};
			name = Release;
		};
		842CD2701BB66482000E2703 /* Debug */ = {
			isa = XCBuildConfiguration;
			buildSettings = {
				CODE_SIGN_ENTITLEMENTS = "Test WatchKit Extension/Test WatchKit Extension.entitlements";
				CODE_SIGN_IDENTITY = "iPhone Developer";
				"CODE_SIGN_IDENTITY[sdk=watchos*]" = "iPhone Developer";
				INFOPLIST_FILE = "Test WatchKit Extension/Info.plist";
				LD_RUNPATH_SEARCH_PATHS = "$(inherited) @executable_path/Frameworks @executable_path/../../Frameworks";
				PRODUCT_BUNDLE_IDENTIFIER = VincentZhou.Test.watchkitapp.watchkitextension;
				PRODUCT_NAME = "${TARGET_NAME}";
				PROVISIONING_PROFILE = "";
				SDKROOT = watchos;
				SKIP_INSTALL = YES;
				TARGETED_DEVICE_FAMILY = 4;
				WATCHOS_DEPLOYMENT_TARGET = 2.0;
			};
			name = Debug;
		};
		842CD2711BB66482000E2703 /* Release */ = {
			isa = XCBuildConfiguration;
			buildSettings = {
				CODE_SIGN_ENTITLEMENTS = "Test WatchKit Extension/Test WatchKit Extension.entitlements";
				CODE_SIGN_IDENTITY = "iPhone Developer";
				"CODE_SIGN_IDENTITY[sdk=watchos*]" = "iPhone Developer";
				INFOPLIST_FILE = "Test WatchKit Extension/Info.plist";
				LD_RUNPATH_SEARCH_PATHS = "$(inherited) @executable_path/Frameworks @executable_path/../../Frameworks";
				PRODUCT_BUNDLE_IDENTIFIER = VincentZhou.Test.watchkitapp.watchkitextension;
				PRODUCT_NAME = "${TARGET_NAME}";
				PROVISIONING_PROFILE = "";
				SDKROOT = watchos;
				SKIP_INSTALL = YES;
				TARGETED_DEVICE_FAMILY = 4;
				WATCHOS_DEPLOYMENT_TARGET = 2.0;
			};
			name = Release;
		};
		842CD2741BB66482000E2703 /* Debug */ = {
			isa = XCBuildConfiguration;
			buildSettings = {
				ASSETCATALOG_COMPILER_APPICON_NAME = AppIcon;
				CODE_SIGN_IDENTITY = "iPhone Developer";
				"CODE_SIGN_IDENTITY[sdk=watchos*]" = "iPhone Developer";
				IBSC_MODULE = Test_WatchKit_Extension;
				INFOPLIST_FILE = "Test WatchKit App/Info.plist";
				PRODUCT_BUNDLE_IDENTIFIER = VincentZhou.Test.watchkitapp;
				PRODUCT_NAME = "$(TARGET_NAME)";
				PROVISIONING_PROFILE = "";
				SDKROOT = watchos;
				SKIP_INSTALL = YES;
				TARGETED_DEVICE_FAMILY = 4;
				WATCHOS_DEPLOYMENT_TARGET = 2.0;
			};
			name = Debug;
		};
		842CD2751BB66482000E2703 /* Release */ = {
			isa = XCBuildConfiguration;
			buildSettings = {
				ASSETCATALOG_COMPILER_APPICON_NAME = AppIcon;
				CODE_SIGN_IDENTITY = "iPhone Developer";
				"CODE_SIGN_IDENTITY[sdk=watchos*]" = "iPhone Developer";
				IBSC_MODULE = Test_WatchKit_Extension;
				INFOPLIST_FILE = "Test WatchKit App/Info.plist";
				PRODUCT_BUNDLE_IDENTIFIER = VincentZhou.Test.watchkitapp;
				PRODUCT_NAME = "$(TARGET_NAME)";
				PROVISIONING_PROFILE = "";
				SDKROOT = watchos;
				SKIP_INSTALL = YES;
				TARGETED_DEVICE_FAMILY = 4;
				WATCHOS_DEPLOYMENT_TARGET = 2.0;
			};
			name = Release;
		};
		842CD2781BB66482000E2703 /* Debug */ = {
			isa = XCBuildConfiguration;
			baseConfigurationReference = 09BA1639C411435668F004CC /* Pods.debug.xcconfig */;
			buildSettings = {
				ASSETCATALOG_COMPILER_APPICON_NAME = AppIcon;
				CODE_SIGN_ENTITLEMENTS = Test/Test.entitlements;
				CODE_SIGN_IDENTITY = "iPhone Developer";
				"CODE_SIGN_IDENTITY[sdk=iphoneos*]" = "iPhone Developer";
				FRAMEWORK_SEARCH_PATHS = (
					"$(inherited)",
					"$(PROJECT_DIR)",
				);
				INFOPLIST_FILE = Test/Info.plist;
				IPHONEOS_DEPLOYMENT_TARGET = 9.3;
				LD_RUNPATH_SEARCH_PATHS = "$(inherited) @executable_path/Frameworks $(CONFIGURATION_BUILD_DIR)";
				PRODUCT_BUNDLE_IDENTIFIER = VincentZhou.Test;
				PRODUCT_NAME = "Smart Watch";
				PROVISIONING_PROFILE = "";
			};
			name = Debug;
		};
		842CD2791BB66482000E2703 /* Release */ = {
			isa = XCBuildConfiguration;
			baseConfigurationReference = 0F6C3FE867D88A99F68942EC /* Pods.release.xcconfig */;
			buildSettings = {
				ASSETCATALOG_COMPILER_APPICON_NAME = AppIcon;
				CODE_SIGN_ENTITLEMENTS = Test/Test.entitlements;
				CODE_SIGN_IDENTITY = "iPhone Developer";
				"CODE_SIGN_IDENTITY[sdk=iphoneos*]" = "iPhone Developer";
				FRAMEWORK_SEARCH_PATHS = (
					"$(inherited)",
					"$(PROJECT_DIR)",
				);
				INFOPLIST_FILE = Test/Info.plist;
				IPHONEOS_DEPLOYMENT_TARGET = 9.3;
				LD_RUNPATH_SEARCH_PATHS = "$(inherited) @executable_path/Frameworks $(CONFIGURATION_BUILD_DIR)";
				PRODUCT_BUNDLE_IDENTIFIER = VincentZhou.Test;
				PRODUCT_NAME = "Smart Watch";
				PROVISIONING_PROFILE = "";
			};
			name = Release;
		};
		842CD27B1BB66482000E2703 /* Debug */ = {
			isa = XCBuildConfiguration;
			buildSettings = {
				INFOPLIST_FILE = TestTests/Info.plist;
				LD_RUNPATH_SEARCH_PATHS = "$(inherited) @executable_path/Frameworks @loader_path/Frameworks";
				PRODUCT_BUNDLE_IDENTIFIER = VincentZhou.TestTests;
				PRODUCT_NAME = "$(TARGET_NAME)";
			};
			name = Debug;
		};
		842CD27C1BB66482000E2703 /* Release */ = {
			isa = XCBuildConfiguration;
			buildSettings = {
				INFOPLIST_FILE = TestTests/Info.plist;
				LD_RUNPATH_SEARCH_PATHS = "$(inherited) @executable_path/Frameworks @loader_path/Frameworks";
				PRODUCT_BUNDLE_IDENTIFIER = VincentZhou.TestTests;
				PRODUCT_NAME = "$(TARGET_NAME)";
			};
			name = Release;
		};
		842CD27E1BB66482000E2703 /* Debug */ = {
			isa = XCBuildConfiguration;
			buildSettings = {
				INFOPLIST_FILE = TestUITests/Info.plist;
				LD_RUNPATH_SEARCH_PATHS = "$(inherited) @executable_path/Frameworks @loader_path/Frameworks";
				PRODUCT_BUNDLE_IDENTIFIER = VincentZhou.TestUITests;
				PRODUCT_NAME = "$(TARGET_NAME)";
				PROVISIONING_PROFILE = "";
				TEST_TARGET_NAME = "			";
				USES_XCTRUNNER = YES;
			};
			name = Debug;
		};
		842CD27F1BB66482000E2703 /* Release */ = {
			isa = XCBuildConfiguration;
			buildSettings = {
				INFOPLIST_FILE = TestUITests/Info.plist;
				LD_RUNPATH_SEARCH_PATHS = "$(inherited) @executable_path/Frameworks @loader_path/Frameworks";
				PRODUCT_BUNDLE_IDENTIFIER = VincentZhou.TestUITests;
				PRODUCT_NAME = "$(TARGET_NAME)";
				PROVISIONING_PROFILE = "";
				TEST_TARGET_NAME = "			";
				USES_XCTRUNNER = YES;
			};
			name = Release;
		};
/* End XCBuildConfiguration section */

/* Begin XCConfigurationList section */
		842CD2191BB66481000E2703 /* Build configuration list for PBXProject "Test" */ = {
			isa = XCConfigurationList;
			buildConfigurations = (
				842CD26D1BB66482000E2703 /* Debug */,
				842CD26E1BB66482000E2703 /* Release */,
			);
			defaultConfigurationIsVisible = 0;
			defaultConfigurationName = Release;
		};
		842CD26F1BB66482000E2703 /* Build configuration list for PBXNativeTarget "Test WatchKit Extension" */ = {
			isa = XCConfigurationList;
			buildConfigurations = (
				842CD2701BB66482000E2703 /* Debug */,
				842CD2711BB66482000E2703 /* Release */,
			);
			defaultConfigurationIsVisible = 0;
			defaultConfigurationName = Release;
		};
		842CD2731BB66482000E2703 /* Build configuration list for PBXNativeTarget "Test WatchKit App" */ = {
			isa = XCConfigurationList;
			buildConfigurations = (
				842CD2741BB66482000E2703 /* Debug */,
				842CD2751BB66482000E2703 /* Release */,
			);
			defaultConfigurationIsVisible = 0;
			defaultConfigurationName = Release;
		};
		842CD2771BB66482000E2703 /* Build configuration list for PBXNativeTarget "Test" */ = {
			isa = XCConfigurationList;
			buildConfigurations = (
				842CD2781BB66482000E2703 /* Debug */,
				842CD2791BB66482000E2703 /* Release */,
			);
			defaultConfigurationIsVisible = 0;
			defaultConfigurationName = Release;
		};
		842CD27A1BB66482000E2703 /* Build configuration list for PBXNativeTarget "TestTests" */ = {
			isa = XCConfigurationList;
			buildConfigurations = (
				842CD27B1BB66482000E2703 /* Debug */,
				842CD27C1BB66482000E2703 /* Release */,
			);
			defaultConfigurationIsVisible = 0;
			defaultConfigurationName = Release;
		};
		842CD27D1BB66482000E2703 /* Build configuration list for PBXNativeTarget "TestUITests" */ = {
			isa = XCConfigurationList;
			buildConfigurations = (
				842CD27E1BB66482000E2703 /* Debug */,
				842CD27F1BB66482000E2703 /* Release */,
			);
			defaultConfigurationIsVisible = 0;
			defaultConfigurationName = Release;
		};
/* End XCConfigurationList section */

/* Begin XCVersionGroup section */
		84B8FD4F1BE8E27300CCE8DC /* Model.xcdatamodeld */ = {
			isa = XCVersionGroup;
			children = (
				84B8FD501BE8E27300CCE8DC /* Model.xcdatamodel */,
			);
			currentVersion = 84B8FD501BE8E27300CCE8DC /* Model.xcdatamodel */;
			path = Model.xcdatamodeld;
			sourceTree = "<group>";
			versionGroupType = wrapper.xcdatamodel;
		};
/* End XCVersionGroup section */
	};
	rootObject = 842CD2161BB66481000E2703 /* Project object */;
}
